
Microsoft Visual Studio Solution File, Format Version 12.00
# Visual Studio 15
VisualStudioVersion = 15.0.26430.13
MinimumVisualStudioVersion = 10.0.40219.1
Project("{FAE04EC0-301F-11D3-BF4B-00C04F79EFBC}") = "Day02", "Day02\Day02.csproj", "{CCA3D98C-5844-413D-9F1F-86A2D111BF2A}"
EndProject
Project("{FAE04EC0-301F-11D3-BF4B-00C04F79EFBC}") = "Day02.Tests", "Day02.Tests\Day02.Tests.csproj", "{37CCED7E-FCC1-428D-B88F-832A06F3D84E}"
EndProject
Global
	GlobalSection(SolutionConfigurationPlatforms) = preSolution
		Debug|Any CPU = Debug|Any CPU
		Release|Any CPU = Release|Any CPU
	EndGlobalSection
	GlobalSection(ProjectConfigurationPlatforms) = postSolution
		{CCA3D98C-5844-413D-9F1F-86A2D111BF2A}.Debug|Any CPU.ActiveCfg = Debug|Any CPU
		{CCA3D98C-5844-413D-9F1F-86A2D111BF2A}.Debug|Any CPU.Build.0 = Debug|Any CPU
		{CCA3D98C-5844-413D-9F1F-86A2D111BF2A}.Release|Any CPU.ActiveCfg = Release|Any CPU
		{CCA3D98C-5844-413D-9F1F-86A2D111BF2A}.Release|Any CPU.Build.0 = Release|Any CPU
		{37CCED7E-FCC1-428D-B88F-832A06F3D84E}.Debug|Any CPU.ActiveCfg = Debug|Any CPU
		{37CCED7E-FCC1-428D-B88F-832A06F3D84E}.Debug|Any CPU.Build.0 = Debug|Any CPU
		{37CCED7E-FCC1-428D-B88F-832A06F3D84E}.Release|Any CPU.ActiveCfg = Release|Any CPU
		{37CCED7E-FCC1-428D-B88F-832A06F3D84E}.Release|Any CPU.Build.0 = Release|Any CPU
	EndGlobalSection
	GlobalSection(SolutionProperties) = preSolution
		HideSolutionNode = FALSE
	EndGlobalSection
EndGlobal
